
Microsoft Visual Studio Solution File, Format Version 12.00
# Visual Studio 15
VisualStudioVersion = 15.0.25928.0
MinimumVisualStudioVersion = 10.0.40219.1
Project("{8BC9CEB8-8B4A-11D0-8D11-00A0C91BC942}") = "Bitmap Renderer", "1-bitmap-renderer\Bitmap Renderer.vcxproj", "{C9AA8A9C-E576-4624-9FF1-A58D15123AFC}"
EndProject
Project("{8BC9CEB8-8B4A-11D0-8D11-00A0C91BC942}") = "Hello Triangle", "2-hello-triangle\Hello Triangle.vcxproj", "{21031D9A-4850-4819-9C67-195906AE6673}"
EndProject
Global
	GlobalSection(SolutionConfigurationPlatforms) = preSolution
		Debug|x64 = Debug|x64
		Debug|x86 = Debug|x86
		Release|x64 = Release|x64
		Release|x86 = Release|x86
	EndGlobalSection
	GlobalSection(ProjectConfigurationPlatforms) = postSolution
		{C9AA8A9C-E576-4624-9FF1-A58D15123AFC}.Debug|x64.ActiveCfg = Debug|x64
		{C9AA8A9C-E576-4624-9FF1-A58D15123AFC}.Debug|x64.Build.0 = Debug|x64
		{C9AA8A9C-E576-4624-9FF1-A58D15123AFC}.Debug|x86.ActiveCfg = Debug|Win32
		{C9AA8A9C-E576-4624-9FF1-A58D15123AFC}.Debug|x86.Build.0 = Debug|Win32
		{C9AA8A9C-E576-4624-9FF1-A58D15123AFC}.Release|x64.ActiveCfg = Release|x64
		{C9AA8A9C-E576-4624-9FF1-A58D15123AFC}.Release|x64.Build.0 = Release|x64
		{C9AA8A9C-E576-4624-9FF1-A58D15123AFC}.Release|x86.ActiveCfg = Release|Win32
		{C9AA8A9C-E576-4624-9FF1-A58D15123AFC}.Release|x86.Build.0 = Release|Win32
		{21031D9A-4850-4819-9C67-195906AE6673}.Debug|x64.ActiveCfg = Debug|x64
		{21031D9A-4850-4819-9C67-195906AE6673}.Debug|x64.Build.0 = Debug|x64
		{21031D9A-4850-4819-9C67-195906AE6673}.Debug|x86.ActiveCfg = Debug|Win32
		{21031D9A-4850-4819-9C67-195906AE6673}.Debug|x86.Build.0 = Debug|Win32
		{21031D9A-4850-4819-9C67-195906AE6673}.Release|x64.ActiveCfg = Release|x64
		{21031D9A-4850-4819-9C67-195906AE6673}.Release|x64.Build.0 = Release|x64
		{21031D9A-4850-4819-9C67-195906AE6673}.Release|x86.ActiveCfg = Release|Win32
		{21031D9A-4850-4819-9C67-195906AE6673}.Release|x86.Build.0 = Release|Win32
	EndGlobalSection
	GlobalSection(SolutionProperties) = preSolution
		HideSolutionNode = FALSE
	EndGlobalSection
EndGlobal
